
Microsoft Visual Studio Solution File, Format Version 11.00
# Visual Studio 2010
Project("{FAE04EC0-301F-11D3-BF4B-00C04F79EFBC}") = "Designer", "Designer.csproj", "{F55B885C-F362-4F08-BCAA-9CDEFE4A42AC}"
EndProject
Project("{FAE04EC0-301F-11D3-BF4B-00C04F79EFBC}") = "BP.En30", "..\Components\BP.En30\BP.En30.csproj", "{247F7483-86B3-442E-B8B1-2FCFB432BD75}"
EndProject
Project("{FAE04EC0-301F-11D3-BF4B-00C04F79EFBC}") = "BP.WFV4", "..\Components\BP.WFV4\BP.WFV4.csproj", "{51C1DADA-1B9A-41CC-B731-FDE1196778F2}"
EndProject
Global
	GlobalSection(SolutionConfigurationPlatforms) = preSolution
		Debug|.NET = Debug|.NET
		Debug|Any CPU = Debug|Any CPU
		Debug|Mixed Platforms = Debug|Mixed Platforms
		Release|.NET = Release|.NET
		Release|Any CPU = Release|Any CPU
		Release|Mixed Platforms = Release|Mixed Platforms
	EndGlobalSection
	GlobalSection(ProjectConfigurationPlatforms) = postSolution
		{F55B885C-F362-4F08-BCAA-9CDEFE4A42AC}.Debug|.NET.ActiveCfg = Debug|Any CPU
		{F55B885C-F362-4F08-BCAA-9CDEFE4A42AC}.Debug|Any CPU.ActiveCfg = Debug|Any CPU
		{F55B885C-F362-4F08-BCAA-9CDEFE4A42AC}.Debug|Any CPU.Build.0 = Debug|Any CPU
		{F55B885C-F362-4F08-BCAA-9CDEFE4A42AC}.Debug|Mixed Platforms.ActiveCfg = Debug|Any CPU
		{F55B885C-F362-4F08-BCAA-9CDEFE4A42AC}.Debug|Mixed Platforms.Build.0 = Debug|Any CPU
		{F55B885C-F362-4F08-BCAA-9CDEFE4A42AC}.Release|.NET.ActiveCfg = Release|Any CPU
		{F55B885C-F362-4F08-BCAA-9CDEFE4A42AC}.Release|Any CPU.ActiveCfg = Release|Any CPU
		{F55B885C-F362-4F08-BCAA-9CDEFE4A42AC}.Release|Any CPU.Build.0 = Release|Any CPU
		{F55B885C-F362-4F08-BCAA-9CDEFE4A42AC}.Release|Mixed Platforms.ActiveCfg = Release|Any CPU
		{F55B885C-F362-4F08-BCAA-9CDEFE4A42AC}.Release|Mixed Platforms.Build.0 = Release|Any CPU
		{247F7483-86B3-442E-B8B1-2FCFB432BD75}.Debug|.NET.ActiveCfg = Debug|Any CPU
		{247F7483-86B3-442E-B8B1-2FCFB432BD75}.Debug|Any CPU.ActiveCfg = Debug|Any CPU
		{247F7483-86B3-442E-B8B1-2FCFB432BD75}.Debug|Any CPU.Build.0 = Debug|Any CPU
		{247F7483-86B3-442E-B8B1-2FCFB432BD75}.Debug|Mixed Platforms.ActiveCfg = Debug|Any CPU
		{247F7483-86B3-442E-B8B1-2FCFB432BD75}.Debug|Mixed Platforms.Build.0 = Debug|Any CPU
		{247F7483-86B3-442E-B8B1-2FCFB432BD75}.Release|.NET.ActiveCfg = Release|Any CPU
		{247F7483-86B3-442E-B8B1-2FCFB432BD75}.Release|Any CPU.ActiveCfg = Release|Any CPU
		{247F7483-86B3-442E-B8B1-2FCFB432BD75}.Release|Any CPU.Build.0 = Release|Any CPU
		{247F7483-86B3-442E-B8B1-2FCFB432BD75}.Release|Mixed Platforms.ActiveCfg = Release|Any CPU
		{247F7483-86B3-442E-B8B1-2FCFB432BD75}.Release|Mixed Platforms.Build.0 = Release|Any CPU
		{51C1DADA-1B9A-41CC-B731-FDE1196778F2}.Debug|.NET.ActiveCfg = Debug|Any CPU
		{51C1DADA-1B9A-41CC-B731-FDE1196778F2}.Debug|Any CPU.ActiveCfg = Debug|Any CPU
		{51C1DADA-1B9A-41CC-B731-FDE1196778F2}.Debug|Any CPU.Build.0 = Debug|Any CPU
		{51C1DADA-1B9A-41CC-B731-FDE1196778F2}.Debug|Mixed Platforms.ActiveCfg = Debug|Any CPU
		{51C1DADA-1B9A-41CC-B731-FDE1196778F2}.Debug|Mixed Platforms.Build.0 = Debug|Any CPU
		{51C1DADA-1B9A-41CC-B731-FDE1196778F2}.Release|.NET.ActiveCfg = Release|Any CPU
		{51C1DADA-1B9A-41CC-B731-FDE1196778F2}.Release|Any CPU.ActiveCfg = Release|Any CPU
		{51C1DADA-1B9A-41CC-B731-FDE1196778F2}.Release|Any CPU.Build.0 = Release|Any CPU
		{51C1DADA-1B9A-41CC-B731-FDE1196778F2}.Release|Mixed Platforms.ActiveCfg = Release|Any CPU
		{51C1DADA-1B9A-41CC-B731-FDE1196778F2}.Release|Mixed Platforms.Build.0 = Release|Any CPU
	EndGlobalSection
	GlobalSection(SolutionProperties) = preSolution
		HideSolutionNode = FALSE
	EndGlobalSection
EndGlobal
