
Microsoft Visual Studio Solution File, Format Version 11.00
# Visual Studio 2010
Project("{FAE04EC0-301F-11D3-BF4B-00C04F79EFBC}") = "VisualFlowDesigner", "VisualFlowDesigner.csproj", "{EA5CBEEC-CD93-4F19-AD48-10FD24860680}"
EndProject
Project("{FAE04EC0-301F-11D3-BF4B-00C04F79EFBC}") = "BP.WFV4", "..\Components\BP.WFV4\BP.WFV4.csproj", "{51C1DADA-1B9A-41CC-B731-FDE1196778F2}"
EndProject
Project("{FAE04EC0-301F-11D3-BF4B-00C04F79EFBC}") = "BP.En30", "..\Components\BP.En30\BP.En30.csproj", "{247F7483-86B3-442E-B8B1-2FCFB432BD75}"
EndProject
Project("{FAE04EC0-301F-11D3-BF4B-00C04F79EFBC}") = "BP.Win32.Controls", "..\Components\BP.Win32.Controls\BP.Win32.Controls.csproj", "{B50990CA-3405-4217-881B-F9DC17D263B2}"
EndProject
Global
	GlobalSection(SolutionConfigurationPlatforms) = preSolution
		Debug|Any CPU = Debug|Any CPU
		Release|Any CPU = Release|Any CPU
	EndGlobalSection
	GlobalSection(ProjectConfigurationPlatforms) = postSolution
		{EA5CBEEC-CD93-4F19-AD48-10FD24860680}.Debug|Any CPU.ActiveCfg = Debug|Any CPU
		{EA5CBEEC-CD93-4F19-AD48-10FD24860680}.Debug|Any CPU.Build.0 = Debug|Any CPU
		{EA5CBEEC-CD93-4F19-AD48-10FD24860680}.Release|Any CPU.ActiveCfg = Release|Any CPU
		{EA5CBEEC-CD93-4F19-AD48-10FD24860680}.Release|Any CPU.Build.0 = Release|Any CPU
		{51C1DADA-1B9A-41CC-B731-FDE1196778F2}.Debug|Any CPU.ActiveCfg = Debug|Any CPU
		{51C1DADA-1B9A-41CC-B731-FDE1196778F2}.Debug|Any CPU.Build.0 = Debug|Any CPU
		{51C1DADA-1B9A-41CC-B731-FDE1196778F2}.Release|Any CPU.ActiveCfg = Release|Any CPU
		{51C1DADA-1B9A-41CC-B731-FDE1196778F2}.Release|Any CPU.Build.0 = Release|Any CPU
		{247F7483-86B3-442E-B8B1-2FCFB432BD75}.Debug|Any CPU.ActiveCfg = Debug|Any CPU
		{247F7483-86B3-442E-B8B1-2FCFB432BD75}.Debug|Any CPU.Build.0 = Debug|Any CPU
		{247F7483-86B3-442E-B8B1-2FCFB432BD75}.Release|Any CPU.ActiveCfg = Release|Any CPU
		{247F7483-86B3-442E-B8B1-2FCFB432BD75}.Release|Any CPU.Build.0 = Release|Any CPU
		{B50990CA-3405-4217-881B-F9DC17D263B2}.Debug|Any CPU.ActiveCfg = Debug|Any CPU
		{B50990CA-3405-4217-881B-F9DC17D263B2}.Debug|Any CPU.Build.0 = Debug|Any CPU
		{B50990CA-3405-4217-881B-F9DC17D263B2}.Release|Any CPU.ActiveCfg = Release|Any CPU
		{B50990CA-3405-4217-881B-F9DC17D263B2}.Release|Any CPU.Build.0 = Release|Any CPU
	EndGlobalSection
	GlobalSection(SolutionProperties) = preSolution
		HideSolutionNode = FALSE
	EndGlobalSection
EndGlobal
