
Microsoft Visual Studio Solution File, Format Version 10.00
# Visual Studio 2008
Project("{FAE04EC0-301F-11D3-BF4B-00C04F79EFBC}") = "SystemFramework", "SystemFramework\SystemFramework.csproj", "{35C40009-AAB8-468E-BC96-D6AAE00C76FA}"
EndProject
Project("{FAE04EC0-301F-11D3-BF4B-00C04F79EFBC}") = "DataEntity", "DataEntity\DataEntity.csproj", "{435EC46A-B0F1-4A00-8EB2-B22BDD01DDEE}"
	ProjectSection(ProjectDependencies) = postProject
		{35C40009-AAB8-468E-BC96-D6AAE00C76FA} = {35C40009-AAB8-468E-BC96-D6AAE00C76FA}
	EndProjectSection
EndProject
Project("{FAE04EC0-301F-11D3-BF4B-00C04F79EFBC}") = "DataAccess", "DataAccess\DataAccess.csproj", "{C892FDB1-07F1-42A2-A80C-327E57877E85}"
	ProjectSection(ProjectDependencies) = postProject
		{35C40009-AAB8-468E-BC96-D6AAE00C76FA} = {35C40009-AAB8-468E-BC96-D6AAE00C76FA}
		{435EC46A-B0F1-4A00-8EB2-B22BDD01DDEE} = {435EC46A-B0F1-4A00-8EB2-B22BDD01DDEE}
	EndProjectSection
EndProject
Project("{FAE04EC0-301F-11D3-BF4B-00C04F79EFBC}") = "Common", "Common\Common.csproj", "{CCFD6793-3A2D-4C46-B43C-2271382EFBB7}"
EndProject
Project("{FAE04EC0-301F-11D3-BF4B-00C04F79EFBC}") = "BusinessRules", "BusinessRules\BusinessRules.csproj", "{733EA5A3-45E7-43B9-B159-AB6499F85DB4}"
	ProjectSection(ProjectDependencies) = postProject
		{35C40009-AAB8-468E-BC96-D6AAE00C76FA} = {35C40009-AAB8-468E-BC96-D6AAE00C76FA}
		{435EC46A-B0F1-4A00-8EB2-B22BDD01DDEE} = {435EC46A-B0F1-4A00-8EB2-B22BDD01DDEE}
		{C892FDB1-07F1-42A2-A80C-327E57877E85} = {C892FDB1-07F1-42A2-A80C-327E57877E85}
	EndProjectSection
EndProject
Project("{FAE04EC0-301F-11D3-BF4B-00C04F79EFBC}") = "BusinessFacade", "BusinessFacade\BusinessFacade.csproj", "{EFAFE1CD-C1F5-4BE0-8785-6AAE06ACD845}"
	ProjectSection(ProjectDependencies) = postProject
		{35C40009-AAB8-468E-BC96-D6AAE00C76FA} = {35C40009-AAB8-468E-BC96-D6AAE00C76FA}
		{435EC46A-B0F1-4A00-8EB2-B22BDD01DDEE} = {435EC46A-B0F1-4A00-8EB2-B22BDD01DDEE}
		{733EA5A3-45E7-43B9-B159-AB6499F85DB4} = {733EA5A3-45E7-43B9-B159-AB6499F85DB4}
		{C892FDB1-07F1-42A2-A80C-327E57877E85} = {C892FDB1-07F1-42A2-A80C-327E57877E85}
	EndProjectSection
EndProject
Project("{FAE04EC0-301F-11D3-BF4B-00C04F79EFBC}") = "AppWeb", "AppWeb\AppWeb.csproj", "{6A70D29B-EC8B-4247-94D0-7244CA90452F}"
	ProjectSection(ProjectDependencies) = postProject
		{6D65A999-1FEC-46E1-9E8F-8A81E0E581B6} = {6D65A999-1FEC-46E1-9E8F-8A81E0E581B6}
		{35C40009-AAB8-468E-BC96-D6AAE00C76FA} = {35C40009-AAB8-468E-BC96-D6AAE00C76FA}
		{435EC46A-B0F1-4A00-8EB2-B22BDD01DDEE} = {435EC46A-B0F1-4A00-8EB2-B22BDD01DDEE}
		{CCFD6793-3A2D-4C46-B43C-2271382EFBB7} = {CCFD6793-3A2D-4C46-B43C-2271382EFBB7}
		{EFAFE1CD-C1F5-4BE0-8785-6AAE06ACD845} = {EFAFE1CD-C1F5-4BE0-8785-6AAE06ACD845}
	EndProjectSection
EndProject
Project("{FAE04EC0-301F-11D3-BF4B-00C04F79EFBC}") = "WebControls", "WebControls\WebControls.csproj", "{6D65A999-1FEC-46E1-9E8F-8A81E0E581B6}"
	ProjectSection(ProjectDependencies) = postProject
		{CCFD6793-3A2D-4C46-B43C-2271382EFBB7} = {CCFD6793-3A2D-4C46-B43C-2271382EFBB7}
	EndProjectSection
EndProject
Project("{FAE04EC0-301F-11D3-BF4B-00C04F79EFBC}") = "BP.En30", "Components\BP.En30\BP.En30.csproj", "{247F7483-86B3-442E-B8B1-2FCFB432BD75}"
EndProject
Project("{FAE04EC0-301F-11D3-BF4B-00C04F79EFBC}") = "BP.Web.Controls30", "Components\BP.Web.Controls30\BP.Web.Controls30.csproj", "{B04D173B-69F6-4BF3-8EA4-8DB2FC7F33F4}"
EndProject
Project("{FAE04EC0-301F-11D3-BF4B-00C04F79EFBC}") = "BP.YeeGen", "Components\BP.YeeGen\BP.YeeGen.csproj", "{D6A56F96-131B-42BD-9486-B95D3F5377B5}"
EndProject
Global
	GlobalSection(SolutionConfigurationPlatforms) = preSolution
		Debug|Any CPU = Debug|Any CPU
		Release|Any CPU = Release|Any CPU
	EndGlobalSection
	GlobalSection(ProjectConfigurationPlatforms) = postSolution
		{35C40009-AAB8-468E-BC96-D6AAE00C76FA}.Debug|Any CPU.ActiveCfg = Debug|Any CPU
		{35C40009-AAB8-468E-BC96-D6AAE00C76FA}.Debug|Any CPU.Build.0 = Debug|Any CPU
		{35C40009-AAB8-468E-BC96-D6AAE00C76FA}.Release|Any CPU.ActiveCfg = Release|Any CPU
		{35C40009-AAB8-468E-BC96-D6AAE00C76FA}.Release|Any CPU.Build.0 = Release|Any CPU
		{435EC46A-B0F1-4A00-8EB2-B22BDD01DDEE}.Debug|Any CPU.ActiveCfg = Debug|Any CPU
		{435EC46A-B0F1-4A00-8EB2-B22BDD01DDEE}.Debug|Any CPU.Build.0 = Debug|Any CPU
		{435EC46A-B0F1-4A00-8EB2-B22BDD01DDEE}.Release|Any CPU.ActiveCfg = Release|Any CPU
		{435EC46A-B0F1-4A00-8EB2-B22BDD01DDEE}.Release|Any CPU.Build.0 = Release|Any CPU
		{C892FDB1-07F1-42A2-A80C-327E57877E85}.Debug|Any CPU.ActiveCfg = Debug|Any CPU
		{C892FDB1-07F1-42A2-A80C-327E57877E85}.Debug|Any CPU.Build.0 = Debug|Any CPU
		{C892FDB1-07F1-42A2-A80C-327E57877E85}.Release|Any CPU.ActiveCfg = Release|Any CPU
		{C892FDB1-07F1-42A2-A80C-327E57877E85}.Release|Any CPU.Build.0 = Release|Any CPU
		{CCFD6793-3A2D-4C46-B43C-2271382EFBB7}.Debug|Any CPU.ActiveCfg = Debug|Any CPU
		{CCFD6793-3A2D-4C46-B43C-2271382EFBB7}.Debug|Any CPU.Build.0 = Debug|Any CPU
		{CCFD6793-3A2D-4C46-B43C-2271382EFBB7}.Release|Any CPU.ActiveCfg = Release|Any CPU
		{CCFD6793-3A2D-4C46-B43C-2271382EFBB7}.Release|Any CPU.Build.0 = Release|Any CPU
		{733EA5A3-45E7-43B9-B159-AB6499F85DB4}.Debug|Any CPU.ActiveCfg = Debug|Any CPU
		{733EA5A3-45E7-43B9-B159-AB6499F85DB4}.Debug|Any CPU.Build.0 = Debug|Any CPU
		{733EA5A3-45E7-43B9-B159-AB6499F85DB4}.Release|Any CPU.ActiveCfg = Release|Any CPU
		{733EA5A3-45E7-43B9-B159-AB6499F85DB4}.Release|Any CPU.Build.0 = Release|Any CPU
		{EFAFE1CD-C1F5-4BE0-8785-6AAE06ACD845}.Debug|Any CPU.ActiveCfg = Debug|Any CPU
		{EFAFE1CD-C1F5-4BE0-8785-6AAE06ACD845}.Debug|Any CPU.Build.0 = Debug|Any CPU
		{EFAFE1CD-C1F5-4BE0-8785-6AAE06ACD845}.Release|Any CPU.ActiveCfg = Release|Any CPU
		{EFAFE1CD-C1F5-4BE0-8785-6AAE06ACD845}.Release|Any CPU.Build.0 = Release|Any CPU
		{6A70D29B-EC8B-4247-94D0-7244CA90452F}.Debug|Any CPU.ActiveCfg = Debug|Any CPU
		{6A70D29B-EC8B-4247-94D0-7244CA90452F}.Debug|Any CPU.Build.0 = Debug|Any CPU
		{6A70D29B-EC8B-4247-94D0-7244CA90452F}.Release|Any CPU.ActiveCfg = Release|Any CPU
		{6A70D29B-EC8B-4247-94D0-7244CA90452F}.Release|Any CPU.Build.0 = Release|Any CPU
		{6D65A999-1FEC-46E1-9E8F-8A81E0E581B6}.Debug|Any CPU.ActiveCfg = Debug|Any CPU
		{6D65A999-1FEC-46E1-9E8F-8A81E0E581B6}.Debug|Any CPU.Build.0 = Debug|Any CPU
		{6D65A999-1FEC-46E1-9E8F-8A81E0E581B6}.Release|Any CPU.ActiveCfg = Release|Any CPU
		{6D65A999-1FEC-46E1-9E8F-8A81E0E581B6}.Release|Any CPU.Build.0 = Release|Any CPU
		{247F7483-86B3-442E-B8B1-2FCFB432BD75}.Debug|Any CPU.ActiveCfg = Debug|Any CPU
		{247F7483-86B3-442E-B8B1-2FCFB432BD75}.Debug|Any CPU.Build.0 = Debug|Any CPU
		{247F7483-86B3-442E-B8B1-2FCFB432BD75}.Release|Any CPU.ActiveCfg = Release|Any CPU
		{247F7483-86B3-442E-B8B1-2FCFB432BD75}.Release|Any CPU.Build.0 = Release|Any CPU
		{B04D173B-69F6-4BF3-8EA4-8DB2FC7F33F4}.Debug|Any CPU.ActiveCfg = Debug|Any CPU
		{B04D173B-69F6-4BF3-8EA4-8DB2FC7F33F4}.Debug|Any CPU.Build.0 = Debug|Any CPU
		{B04D173B-69F6-4BF3-8EA4-8DB2FC7F33F4}.Release|Any CPU.ActiveCfg = Release|Any CPU
		{B04D173B-69F6-4BF3-8EA4-8DB2FC7F33F4}.Release|Any CPU.Build.0 = Release|Any CPU
		{D6A56F96-131B-42BD-9486-B95D3F5377B5}.Debug|Any CPU.ActiveCfg = Debug|Any CPU
		{D6A56F96-131B-42BD-9486-B95D3F5377B5}.Debug|Any CPU.Build.0 = Debug|Any CPU
		{D6A56F96-131B-42BD-9486-B95D3F5377B5}.Release|Any CPU.ActiveCfg = Release|Any CPU
		{D6A56F96-131B-42BD-9486-B95D3F5377B5}.Release|Any CPU.Build.0 = Release|Any CPU
	EndGlobalSection
	GlobalSection(SolutionProperties) = preSolution
		HideSolutionNode = FALSE
	EndGlobalSection
EndGlobal
