
Microsoft Visual Studio Solution File, Format Version 10.00
# Visual Studio 2008
Project("{54435603-DBB4-11D2-8724-00A0C9A8B90C}") = "VisualFlowSetup", "VisualFlowSetup\VisualFlowSetup.vdproj", "{65E59D5F-4F98-46B9-9202-52033A87308F}"
EndProject
Global
	GlobalSection(SubversionScc) = preSolution
		Svn-Managed = True
		Manager = AnkhSVN - Subversion Support for Visual Studio
	EndGlobalSection
	GlobalSection(SolutionConfigurationPlatforms) = preSolution
		Debug|Default = Debug|Default
		Release|Default = Release|Default
	EndGlobalSection
	GlobalSection(ProjectConfigurationPlatforms) = postSolution
		{65E59D5F-4F98-46B9-9202-52033A87308F}.Debug|Default.ActiveCfg = Debug
		{65E59D5F-4F98-46B9-9202-52033A87308F}.Debug|Default.Build.0 = Debug
		{65E59D5F-4F98-46B9-9202-52033A87308F}.Release|Default.ActiveCfg = Release
		{65E59D5F-4F98-46B9-9202-52033A87308F}.Release|Default.Build.0 = Release
	EndGlobalSection
	GlobalSection(SolutionProperties) = preSolution
		HideSolutionNode = FALSE
	EndGlobalSection
EndGlobal
